// !$*UTF8*$!
{
	archiveVersion = 1;
	classes = {
	};
	objectVersion = 56;
	objects = {

/* Begin PBXBuildFile section */
		33C96C5F2B7569E80058E7B5 /* VideoCaptureServiceProtocol.swift in Sources */ = {isa = PBXBuildFile; fileRef = 33C96C5E2B7569E80058E7B5 /* VideoCaptureServiceProtocol.swift */; };
		33C96C612B756AAF0058E7B5 /* ViewController+VideoCaptureServiceDelegate.swift in Sources */ = {isa = PBXBuildFile; fileRef = 33C96C602B756AAF0058E7B5 /* ViewController+VideoCaptureServiceDelegate.swift */; };
		33EB2B512B74D2B300C2F296 /* PreviewView.swift in Sources */ = {isa = PBXBuildFile; fileRef = 33EB2B502B74D2B300C2F296 /* PreviewView.swift */; };
		33EB2B532B75282D00C2F296 /* CameraPosition.swift in Sources */ = {isa = PBXBuildFile; fileRef = 33EB2B522B75282D00C2F296 /* CameraPosition.swift */; };
		33EB2B552B75284600C2F296 /* AVCaptureDevice.Position+CameraPosition.swift in Sources */ = {isa = PBXBuildFile; fileRef = 33EB2B542B75284600C2F296 /* AVCaptureDevice.Position+CameraPosition.swift */; };
		33EB2B582B75294300C2F296 /* FaceDetector.swift in Sources */ = {isa = PBXBuildFile; fileRef = 33EB2B572B75294300C2F296 /* FaceDetector.swift */; };
		33EB2B5A2B752ED400C2F296 /* AVCaptureDevice+Lookup.swift in Sources */ = {isa = PBXBuildFile; fileRef = 33EB2B592B752ED400C2F296 /* AVCaptureDevice+Lookup.swift */; };
		33EB2B5C2B752F0A00C2F296 /* AVCaptureSession+Init.swift in Sources */ = {isa = PBXBuildFile; fileRef = 33EB2B5B2B752F0A00C2F296 /* AVCaptureSession+Init.swift */; };
		33EB2B5E2B752F3500C2F296 /* AVCaptureVideoDataOutput+Init.swift in Sources */ = {isa = PBXBuildFile; fileRef = 33EB2B5D2B752F3500C2F296 /* AVCaptureVideoDataOutput+Init.swift */; };
		33EB2B602B752F5D00C2F296 /* AVCaptureDevice.DiscoverySession+DefaultVideo.swift in Sources */ = {isa = PBXBuildFile; fileRef = 33EB2B5F2B752F5D00C2F296 /* AVCaptureDevice.DiscoverySession+DefaultVideo.swift */; };
		33F789EB2B73DA6D00825CD1 /* AppDelegate.swift in Sources */ = {isa = PBXBuildFile; fileRef = 33F789EA2B73DA6D00825CD1 /* AppDelegate.swift */; };
		33F789ED2B73DA6D00825CD1 /* SceneDelegate.swift in Sources */ = {isa = PBXBuildFile; fileRef = 33F789EC2B73DA6D00825CD1 /* SceneDelegate.swift */; };
		33F789EF2B73DA6D00825CD1 /* ViewController.swift in Sources */ = {isa = PBXBuildFile; fileRef = 33F789EE2B73DA6D00825CD1 /* ViewController.swift */; };
		33F789F42B73DA6E00825CD1 /* Assets.xcassets in Resources */ = {isa = PBXBuildFile; fileRef = 33F789F32B73DA6E00825CD1 /* Assets.xcassets */; };
		33F789F72B73DA6E00825CD1 /* LaunchScreen.storyboard in Resources */ = {isa = PBXBuildFile; fileRef = 33F789F52B73DA6E00825CD1 /* LaunchScreen.storyboard */; };
		33F789FF2B73DE5A00825CD1 /* VideoCaptureService.swift in Sources */ = {isa = PBXBuildFile; fileRef = 33F789FE2B73DE5A00825CD1 /* VideoCaptureService.swift */; };
/* End PBXBuildFile section */

/* Begin PBXFileReference section */
		33C96C5E2B7569E80058E7B5 /* VideoCaptureServiceProtocol.swift */ = {isa = PBXFileReference; lastKnownFileType = sourcecode.swift; path = VideoCaptureServiceProtocol.swift; sourceTree = "<group>"; };
		33C96C602B756AAF0058E7B5 /* ViewController+VideoCaptureServiceDelegate.swift */ = {isa = PBXFileReference; lastKnownFileType = sourcecode.swift; path = "ViewController+VideoCaptureServiceDelegate.swift"; sourceTree = "<group>"; };
		33EB2B502B74D2B300C2F296 /* PreviewView.swift */ = {isa = PBXFileReference; lastKnownFileType = sourcecode.swift; path = PreviewView.swift; sourceTree = "<group>"; };
		33EB2B522B75282D00C2F296 /* CameraPosition.swift */ = {isa = PBXFileReference; lastKnownFileType = sourcecode.swift; path = CameraPosition.swift; sourceTree = "<group>"; };
		33EB2B542B75284600C2F296 /* AVCaptureDevice.Position+CameraPosition.swift */ = {isa = PBXFileReference; lastKnownFileType = sourcecode.swift; path = "AVCaptureDevice.Position+CameraPosition.swift"; sourceTree = "<group>"; };
		33EB2B572B75294300C2F296 /* FaceDetector.swift */ = {isa = PBXFileReference; lastKnownFileType = sourcecode.swift; path = FaceDetector.swift; sourceTree = "<group>"; };
		33EB2B592B752ED400C2F296 /* AVCaptureDevice+Lookup.swift */ = {isa = PBXFileReference; lastKnownFileType = sourcecode.swift; path = "AVCaptureDevice+Lookup.swift"; sourceTree = "<group>"; };
		33EB2B5B2B752F0A00C2F296 /* AVCaptureSession+Init.swift */ = {isa = PBXFileReference; lastKnownFileType = sourcecode.swift; path = "AVCaptureSession+Init.swift"; sourceTree = "<group>"; };
		33EB2B5D2B752F3500C2F296 /* AVCaptureVideoDataOutput+Init.swift */ = {isa = PBXFileReference; lastKnownFileType = sourcecode.swift; path = "AVCaptureVideoDataOutput+Init.swift"; sourceTree = "<group>"; };
		33EB2B5F2B752F5D00C2F296 /* AVCaptureDevice.DiscoverySession+DefaultVideo.swift */ = {isa = PBXFileReference; lastKnownFileType = sourcecode.swift; path = "AVCaptureDevice.DiscoverySession+DefaultVideo.swift"; sourceTree = "<group>"; };
		33F789E72B73DA6D00825CD1 /* FaceDetectionDemo.app */ = {isa = PBXFileReference; explicitFileType = wrapper.application; includeInIndex = 0; path = FaceDetectionDemo.app; sourceTree = BUILT_PRODUCTS_DIR; };
		33F789EA2B73DA6D00825CD1 /* AppDelegate.swift */ = {isa = PBXFileReference; lastKnownFileType = sourcecode.swift; path = AppDelegate.swift; sourceTree = "<group>"; };
		33F789EC2B73DA6D00825CD1 /* SceneDelegate.swift */ = {isa = PBXFileReference; lastKnownFileType = sourcecode.swift; path = SceneDelegate.swift; sourceTree = "<group>"; };
		33F789EE2B73DA6D00825CD1 /* ViewController.swift */ = {isa = PBXFileReference; lastKnownFileType = sourcecode.swift; path = ViewController.swift; sourceTree = "<group>"; };
		33F789F32B73DA6E00825CD1 /* Assets.xcassets */ = {isa = PBXFileReference; lastKnownFileType = folder.assetcatalog; path = Assets.xcassets; sourceTree = "<group>"; };
		33F789F62B73DA6E00825CD1 /* Base */ = {isa = PBXFileReference; lastKnownFileType = file.storyboard; name = Base; path = Base.lproj/LaunchScreen.storyboard; sourceTree = "<group>"; };
		33F789F82B73DA6E00825CD1 /* Info.plist */ = {isa = PBXFileReference; lastKnownFileType = text.plist.xml; path = Info.plist; sourceTree = "<group>"; };
		33F789FE2B73DE5A00825CD1 /* VideoCaptureService.swift */ = {isa = PBXFileReference; lastKnownFileType = sourcecode.swift; path = VideoCaptureService.swift; sourceTree = "<group>"; };
/* End PBXFileReference section */

/* Begin PBXFrameworksBuildPhase section */
		33F789E42B73DA6D00825CD1 /* Frameworks */ = {
			isa = PBXFrameworksBuildPhase;
			buildActionMask = 2147483647;
			files = (
			);
			runOnlyForDeploymentPostprocessing = 0;
		};
/* End PBXFrameworksBuildPhase section */

/* Begin PBXGroup section */
		33EB2B562B75291000C2F296 /* VideoCaptureService */ = {
			isa = PBXGroup;
			children = (
				33C96C5E2B7569E80058E7B5 /* VideoCaptureServiceProtocol.swift */,
				33F789FE2B73DE5A00825CD1 /* VideoCaptureService.swift */,
				33EB2B5F2B752F5D00C2F296 /* AVCaptureDevice.DiscoverySession+DefaultVideo.swift */,
				33EB2B5D2B752F3500C2F296 /* AVCaptureVideoDataOutput+Init.swift */,
				33EB2B5B2B752F0A00C2F296 /* AVCaptureSession+Init.swift */,
				33EB2B592B752ED400C2F296 /* AVCaptureDevice+Lookup.swift */,
				33EB2B522B75282D00C2F296 /* CameraPosition.swift */,
				33EB2B542B75284600C2F296 /* AVCaptureDevice.Position+CameraPosition.swift */,
				33EB2B572B75294300C2F296 /* FaceDetector.swift */,
			);
			path = VideoCaptureService;
			sourceTree = "<group>";
		};
		33F789DE2B73DA6D00825CD1 = {
			isa = PBXGroup;
			children = (
				33F789E92B73DA6D00825CD1 /* FaceDetectionDemo */,
				33F789E82B73DA6D00825CD1 /* Products */,
			);
			sourceTree = "<group>";
		};
		33F789E82B73DA6D00825CD1 /* Products */ = {
			isa = PBXGroup;
			children = (
				33F789E72B73DA6D00825CD1 /* FaceDetectionDemo.app */,
			);
			name = Products;
			sourceTree = "<group>";
		};
		33F789E92B73DA6D00825CD1 /* FaceDetectionDemo */ = {
			isa = PBXGroup;
			children = (
				33EB2B562B75291000C2F296 /* VideoCaptureService */,
				33F789EA2B73DA6D00825CD1 /* AppDelegate.swift */,
				33F789EC2B73DA6D00825CD1 /* SceneDelegate.swift */,
				33F789EE2B73DA6D00825CD1 /* ViewController.swift */,
				33C96C602B756AAF0058E7B5 /* ViewController+VideoCaptureServiceDelegate.swift */,
				33EB2B502B74D2B300C2F296 /* PreviewView.swift */,
				33F789F32B73DA6E00825CD1 /* Assets.xcassets */,
				33F789F52B73DA6E00825CD1 /* LaunchScreen.storyboard */,
				33F789F82B73DA6E00825CD1 /* Info.plist */,
			);
			path = FaceDetectionDemo;
			sourceTree = "<group>";
		};
/* End PBXGroup section */

/* Begin PBXNativeTarget section */
		33F789E62B73DA6D00825CD1 /* FaceDetectionDemo */ = {
			isa = PBXNativeTarget;
			buildConfigurationList = 33F789FB2B73DA6E00825CD1 /* Build configuration list for PBXNativeTarget "FaceDetectionDemo" */;
			buildPhases = (
				33F789E32B73DA6D00825CD1 /* Sources */,
				33F789E42B73DA6D00825CD1 /* Frameworks */,
				33F789E52B73DA6D00825CD1 /* Resources */,
			);
			buildRules = (
			);
			dependencies = (
			);
			name = FaceDetectionDemo;
			productName = FaceDetectionDemo;
			productReference = 33F789E72B73DA6D00825CD1 /* FaceDetectionDemo.app */;
			productType = "com.apple.product-type.application";
		};
/* End PBXNativeTarget section */

/* Begin PBXProject section */
		33F789DF2B73DA6D00825CD1 /* Project object */ = {
			isa = PBXProject;
			attributes = {
				BuildIndependentTargetsInParallel = 1;
				LastSwiftUpdateCheck = 1500;
				LastUpgradeCheck = 1500;
				TargetAttributes = {
					33F789E62B73DA6D00825CD1 = {
						CreatedOnToolsVersion = 15.0.1;
					};
				};
			};
			buildConfigurationList = 33F789E22B73DA6D00825CD1 /* Build configuration list for PBXProject "FaceDetectionDemo" */;
			compatibilityVersion = "Xcode 14.0";
			developmentRegion = en;
			hasScannedForEncodings = 0;
			knownRegions = (
				en,
				Base,
			);
			mainGroup = 33F789DE2B73DA6D00825CD1;
			productRefGroup = 33F789E82B73DA6D00825CD1 /* Products */;
			projectDirPath = "";
			projectRoot = "";
			targets = (
				33F789E62B73DA6D00825CD1 /* FaceDetectionDemo */,
			);
		};
/* End PBXProject section */

/* Begin PBXResourcesBuildPhase section */
		33F789E52B73DA6D00825CD1 /* Resources */ = {
			isa = PBXResourcesBuildPhase;
			buildActionMask = 2147483647;
			files = (
				33F789F72B73DA6E00825CD1 /* LaunchScreen.storyboard in Resources */,
				33F789F42B73DA6E00825CD1 /* Assets.xcassets in Resources */,
			);
			runOnlyForDeploymentPostprocessing = 0;
		};
/* End PBXResourcesBuildPhase section */

/* Begin PBXSourcesBuildPhase section */
		33F789E32B73DA6D00825CD1 /* Sources */ = {
			isa = PBXSourcesBuildPhase;
			buildActionMask = 2147483647;
			files = (
				33EB2B5C2B752F0A00C2F296 /* AVCaptureSession+Init.swift in Sources */,
				33EB2B532B75282D00C2F296 /* CameraPosition.swift in Sources */,
				33EB2B602B752F5D00C2F296 /* AVCaptureDevice.DiscoverySession+DefaultVideo.swift in Sources */,
				33EB2B5E2B752F3500C2F296 /* AVCaptureVideoDataOutput+Init.swift in Sources */,
				33F789FF2B73DE5A00825CD1 /* VideoCaptureService.swift in Sources */,
				33F789EF2B73DA6D00825CD1 /* ViewController.swift in Sources */,
				33C96C5F2B7569E80058E7B5 /* VideoCaptureServiceProtocol.swift in Sources */,
				33F789EB2B73DA6D00825CD1 /* AppDelegate.swift in Sources */,
				33EB2B5A2B752ED400C2F296 /* AVCaptureDevice+Lookup.swift in Sources */,
				33F789ED2B73DA6D00825CD1 /* SceneDelegate.swift in Sources */,
				33C96C612B756AAF0058E7B5 /* ViewController+VideoCaptureServiceDelegate.swift in Sources */,
				33EB2B512B74D2B300C2F296 /* PreviewView.swift in Sources */,
				33EB2B582B75294300C2F296 /* FaceDetector.swift in Sources */,
				33EB2B552B75284600C2F296 /* AVCaptureDevice.Position+CameraPosition.swift in Sources */,
			);
			runOnlyForDeploymentPostprocessing = 0;
		};
/* End PBXSourcesBuildPhase section */

/* Begin PBXVariantGroup section */
		33F789F52B73DA6E00825CD1 /* LaunchScreen.storyboard */ = {
			isa = PBXVariantGroup;
			children = (
				33F789F62B73DA6E00825CD1 /* Base */,
			);
			name = LaunchScreen.storyboard;
			sourceTree = "<group>";
		};
/* End PBXVariantGroup section */

/* Begin XCBuildConfiguration section */
		33F789F92B73DA6E00825CD1 /* Debug */ = {
			isa = XCBuildConfiguration;
			buildSettings = {
				ALWAYS_SEARCH_USER_PATHS = NO;
				ASSETCATALOG_COMPILER_GENERATE_SWIFT_ASSET_SYMBOL_EXTENSIONS = YES;
				CLANG_ANALYZER_NONNULL = YES;
				CLANG_ANALYZER_NUMBER_OBJECT_CONVERSION = YES_AGGRESSIVE;
				CLANG_CXX_LANGUAGE_STANDARD = "gnu++20";
				CLANG_ENABLE_MODULES = YES;
				CLANG_ENABLE_OBJC_ARC = YES;
				CLANG_ENABLE_OBJC_WEAK = YES;
				CLANG_WARN_BLOCK_CAPTURE_AUTORELEASING = YES;
				CLANG_WARN_BOOL_CONVERSION = YES;
				CLANG_WARN_COMMA = YES;
				CLANG_WARN_CONSTANT_CONVERSION = YES;
				CLANG_WARN_DEPRECATED_OBJC_IMPLEMENTATIONS = YES;
				CLANG_WARN_DIRECT_OBJC_ISA_USAGE = YES_ERROR;
				CLANG_WARN_DOCUMENTATION_COMMENTS = YES;
				CLANG_WARN_EMPTY_BODY = YES;
				CLANG_WARN_ENUM_CONVERSION = YES;
				CLANG_WARN_INFINITE_RECURSION = YES;
				CLANG_WARN_INT_CONVERSION = YES;
				CLANG_WARN_NON_LITERAL_NULL_CONVERSION = YES;
				CLANG_WARN_OBJC_IMPLICIT_RETAIN_SELF = YES;
				CLANG_WARN_OBJC_LITERAL_CONVERSION = YES;
				CLANG_WARN_OBJC_ROOT_CLASS = YES_ERROR;
				CLANG_WARN_QUOTED_INCLUDE_IN_FRAMEWORK_HEADER = YES;
				CLANG_WARN_RANGE_LOOP_ANALYSIS = YES;
				CLANG_WARN_STRICT_PROTOTYPES = YES;
				CLANG_WARN_SUSPICIOUS_MOVE = YES;
				CLANG_WARN_UNGUARDED_AVAILABILITY = YES_AGGRESSIVE;
				CLANG_WARN_UNREACHABLE_CODE = YES;
				CLANG_WARN__DUPLICATE_METHOD_MATCH = YES;
				COPY_PHASE_STRIP = NO;
				DEBUG_INFORMATION_FORMAT = dwarf;
				ENABLE_STRICT_OBJC_MSGSEND = YES;
				ENABLE_TESTABILITY = YES;
				ENABLE_USER_SCRIPT_SANDBOXING = YES;
				GCC_C_LANGUAGE_STANDARD = gnu17;
				GCC_DYNAMIC_NO_PIC = NO;
				GCC_NO_COMMON_BLOCKS = YES;
				GCC_OPTIMIZATION_LEVEL = 0;
				GCC_PREPROCESSOR_DEFINITIONS = (
					"DEBUG=1",
					"$(inherited)",
				);
				GCC_WARN_64_TO_32_BIT_CONVERSION = YES;
				GCC_WARN_ABOUT_RETURN_TYPE = YES_ERROR;
				GCC_WARN_UNDECLARED_SELECTOR = YES;
				GCC_WARN_UNINITIALIZED_AUTOS = YES_AGGRESSIVE;
				GCC_WARN_UNUSED_FUNCTION = YES;
				GCC_WARN_UNUSED_VARIABLE = YES;
				IPHONEOS_DEPLOYMENT_TARGET = 17.0;
				LOCALIZATION_PREFERS_STRING_CATALOGS = YES;
				MTL_ENABLE_DEBUG_INFO = INCLUDE_SOURCE;
				MTL_FAST_MATH = YES;
				ONLY_ACTIVE_ARCH = YES;
				SDKROOT = iphoneos;
				SWIFT_ACTIVE_COMPILATION_CONDITIONS = "DEBUG $(inherited)";
				SWIFT_OPTIMIZATION_LEVEL = "-Onone";
			};
			name = Debug;
		};
		33F789FA2B73DA6E00825CD1 /* Release */ = {
			isa = XCBuildConfiguration;
			buildSettings = {
				ALWAYS_SEARCH_USER_PATHS = NO;
				ASSETCATALOG_COMPILER_GENERATE_SWIFT_ASSET_SYMBOL_EXTENSIONS = YES;
				CLANG_ANALYZER_NONNULL = YES;
				CLANG_ANALYZER_NUMBER_OBJECT_CONVERSION = YES_AGGRESSIVE;
				CLANG_CXX_LANGUAGE_STANDARD = "gnu++20";
				CLANG_ENABLE_MODULES = YES;
				CLANG_ENABLE_OBJC_ARC = YES;
				CLANG_ENABLE_OBJC_WEAK = YES;
				CLANG_WARN_BLOCK_CAPTURE_AUTORELEASING = YES;
				CLANG_WARN_BOOL_CONVERSION = YES;
				CLANG_WARN_COMMA = YES;
				CLANG_WARN_CONSTANT_CONVERSION = YES;
				CLANG_WARN_DEPRECATED_OBJC_IMPLEMENTATIONS = YES;
				CLANG_WARN_DIRECT_OBJC_ISA_USAGE = YES_ERROR;
				CLANG_WARN_DOCUMENTATION_COMMENTS = YES;
				CLANG_WARN_EMPTY_BODY = YES;
				CLANG_WARN_ENUM_CONVERSION = YES;
				CLANG_WARN_INFINITE_RECURSION = YES;
				CLANG_WARN_INT_CONVERSION = YES;
				CLANG_WARN_NON_LITERAL_NULL_CONVERSION = YES;
				CLANG_WARN_OBJC_IMPLICIT_RETAIN_SELF = YES;
				CLANG_WARN_OBJC_LITERAL_CONVERSION = YES;
				CLANG_WARN_OBJC_ROOT_CLASS = YES_ERROR;
				CLANG_WARN_QUOTED_INCLUDE_IN_FRAMEWORK_HEADER = YES;
				CLANG_WARN_RANGE_LOOP_ANALYSIS = YES;
				CLANG_WARN_STRICT_PROTOTYPES = YES;
				CLANG_WARN_SUSPICIOUS_MOVE = YES;
				CLANG_WARN_UNGUARDED_AVAILABILITY = YES_AGGRESSIVE;
				CLANG_WARN_UNREACHABLE_CODE = YES;
				CLANG_WARN__DUPLICATE_METHOD_MATCH = YES;
				COPY_PHASE_STRIP = NO;
				DEBUG_INFORMATION_FORMAT = "dwarf-with-dsym";
				ENABLE_NS_ASSERTIONS = NO;
				ENABLE_STRICT_OBJC_MSGSEND = YES;
				ENABLE_USER_SCRIPT_SANDBOXING = YES;
				GCC_C_LANGUAGE_STANDARD = gnu17;
				GCC_NO_COMMON_BLOCKS = YES;
				GCC_WARN_64_TO_32_BIT_CONVERSION = YES;
				GCC_WARN_ABOUT_RETURN_TYPE = YES_ERROR;
				GCC_WARN_UNDECLARED_SELECTOR = YES;
				GCC_WARN_UNINITIALIZED_AUTOS = YES_AGGRESSIVE;
				GCC_WARN_UNUSED_FUNCTION = YES;
				GCC_WARN_UNUSED_VARIABLE = YES;
				IPHONEOS_DEPLOYMENT_TARGET = 17.0;
				LOCALIZATION_PREFERS_STRING_CATALOGS = YES;
				MTL_ENABLE_DEBUG_INFO = NO;
				MTL_FAST_MATH = YES;
				SDKROOT = iphoneos;
				SWIFT_COMPILATION_MODE = wholemodule;
				VALIDATE_PRODUCT = YES;
			};
			name = Release;
		};
		33F789FC2B73DA6E00825CD1 /* Debug */ = {
			isa = XCBuildConfiguration;
			buildSettings = {
				ASSETCATALOG_COMPILER_APPICON_NAME = AppIcon;
				ASSETCATALOG_COMPILER_GLOBAL_ACCENT_COLOR_NAME = AccentColor;
				CODE_SIGN_STYLE = Automatic;
				CURRENT_PROJECT_VERSION = 1;
				DEVELOPMENT_TEAM = 657GC2CXLB;
				GENERATE_INFOPLIST_FILE = YES;
				INFOPLIST_FILE = FaceDetectionDemo/Info.plist;
				INFOPLIST_KEY_LSApplicationCategoryType = NSCameraUsageDescription;
				INFOPLIST_KEY_NSCameraUsageDescription = "This app requires a feed from the selfie cam, so it can track your face.";
				INFOPLIST_KEY_UIApplicationSupportsIndirectInputEvents = YES;
				INFOPLIST_KEY_UILaunchStoryboardName = LaunchScreen;
				INFOPLIST_KEY_UISupportedInterfaceOrientations = UIInterfaceOrientationPortrait;
				INFOPLIST_KEY_UISupportedInterfaceOrientations_iPad = "UIInterfaceOrientationLandscapeLeft UIInterfaceOrientationLandscapeRight UIInterfaceOrientationPortrait UIInterfaceOrientationPortraitUpsideDown";
				IPHONEOS_DEPLOYMENT_TARGET = 15.0;
				LD_RUNPATH_SEARCH_PATHS = (
					"$(inherited)",
					"@executable_path/Frameworks",
				);
				MARKETING_VERSION = 1.0;
				PRODUCT_BUNDLE_IDENTIFIER = com.alexey.ivanov.FaceDetectionDemo;
				PRODUCT_NAME = "$(TARGET_NAME)";
				SWIFT_EMIT_LOC_STRINGS = YES;
				SWIFT_VERSION = 5.0;
				TARGETED_DEVICE_FAMILY = "1,2";
			};
			name = Debug;
		};
		33F789FD2B73DA6E00825CD1 /* Release */ = {
			isa = XCBuildConfiguration;
			buildSettings = {
				ASSETCATALOG_COMPILER_APPICON_NAME = AppIcon;
				ASSETCATALOG_COMPILER_GLOBAL_ACCENT_COLOR_NAME = AccentColor;
				CODE_SIGN_STYLE = Automatic;
				CURRENT_PROJECT_VERSION = 1;
				DEVELOPMENT_TEAM = 657GC2CXLB;
				GENERATE_INFOPLIST_FILE = YES;
				INFOPLIST_FILE = FaceDetectionDemo/Info.plist;
				INFOPLIST_KEY_LSApplicationCategoryType = NSCameraUsageDescription;
				INFOPLIST_KEY_NSCameraUsageDescription = "This app requires a feed from the selfie cam, so it can track your face.";
				INFOPLIST_KEY_UIApplicationSupportsIndirectInputEvents = YES;
				INFOPLIST_KEY_UILaunchStoryboardName = LaunchScreen;
				INFOPLIST_KEY_UISupportedInterfaceOrientations = UIInterfaceOrientationPortrait;
				INFOPLIST_KEY_UISupportedInterfaceOrientations_iPad = "UIInterfaceOrientationLandscapeLeft UIInterfaceOrientationLandscapeRight UIInterfaceOrientationPortrait UIInterfaceOrientationPortraitUpsideDown";
				IPHONEOS_DEPLOYMENT_TARGET = 15.0;
				LD_RUNPATH_SEARCH_PATHS = (
					"$(inherited)",
					"@executable_path/Frameworks",
				);
				MARKETING_VERSION = 1.0;
				PRODUCT_BUNDLE_IDENTIFIER = com.alexey.ivanov.FaceDetectionDemo;
				PRODUCT_NAME = "$(TARGET_NAME)";
				SWIFT_EMIT_LOC_STRINGS = YES;
				SWIFT_VERSION = 5.0;
				TARGETED_DEVICE_FAMILY = "1,2";
			};
			name = Release;
		};
/* End XCBuildConfiguration section */

/* Begin XCConfigurationList section */
		33F789E22B73DA6D00825CD1 /* Build configuration list for PBXProject "FaceDetectionDemo" */ = {
			isa = XCConfigurationList;
			buildConfigurations = (
				33F789F92B73DA6E00825CD1 /* Debug */,
				33F789FA2B73DA6E00825CD1 /* Release */,
			);
			defaultConfigurationIsVisible = 0;
			defaultConfigurationName = Release;
		};
		33F789FB2B73DA6E00825CD1 /* Build configuration list for PBXNativeTarget "FaceDetectionDemo" */ = {
			isa = XCConfigurationList;
			buildConfigurations = (
				33F789FC2B73DA6E00825CD1 /* Debug */,
				33F789FD2B73DA6E00825CD1 /* Release */,
			);
			defaultConfigurationIsVisible = 0;
			defaultConfigurationName = Release;
		};
/* End XCConfigurationList section */
	};
	rootObject = 33F789DF2B73DA6D00825CD1 /* Project object */;
}
